// !$*UTF8*$!
{
	archiveVersion = 1;
	classes = {
	};
	objectVersion = 46;
	objects = {

/* Begin PBXBuildFile section */
		2B56A17F19A05EEA0085973B /* Foundation.framework in Frameworks */ = {isa = PBXBuildFile; fileRef = 2B56A17E19A05EEA0085973B /* Foundation.framework */; };
		2B56A18119A05EEA0085973B /* CoreGraphics.framework in Frameworks */ = {isa = PBXBuildFile; fileRef = 2B56A18019A05EEA0085973B /* CoreGraphics.framework */; };
		2B56A18319A05EEA0085973B /* UIKit.framework in Frameworks */ = {isa = PBXBuildFile; fileRef = 2B56A18219A05EEA0085973B /* UIKit.framework */; };
		2B56A18919A05EEA0085973B /* InfoPlist.strings in Resources */ = {isa = PBXBuildFile; fileRef = 2B56A18719A05EEA0085973B /* InfoPlist.strings */; };
		2B56A18B19A05EEA0085973B /* main.m in Sources */ = {isa = PBXBuildFile; fileRef = 2B56A18A19A05EEA0085973B /* main.m */; };
		2B56A19719A05EEA0085973B /* Images.xcassets in Resources */ = {isa = PBXBuildFile; fileRef = 2B56A19619A05EEA0085973B /* Images.xcassets */; };
		2B56A19E19A05EEA0085973B /* XCTest.framework in Frameworks */ = {isa = PBXBuildFile; fileRef = 2B56A19D19A05EEA0085973B /* XCTest.framework */; };
		2B56A19F19A05EEA0085973B /* Foundation.framework in Frameworks */ = {isa = PBXBuildFile; fileRef = 2B56A17E19A05EEA0085973B /* Foundation.framework */; };
		2B56A1A019A05EEA0085973B /* UIKit.framework in Frameworks */ = {isa = PBXBuildFile; fileRef = 2B56A18219A05EEA0085973B /* UIKit.framework */; };
		2B56A1A819A05EEA0085973B /* InfoPlist.strings in Resources */ = {isa = PBXBuildFile; fileRef = 2B56A1A619A05EEA0085973B /* InfoPlist.strings */; };
		2B56A1AA19A05EEA0085973B /* TaeSDKSampleTests.m in Sources */ = {isa = PBXBuildFile; fileRef = 2B56A1A919A05EEA0085973B /* TaeSDKSampleTests.m */; };
		2B56A1C219A060060085973B /* TaeSDKSample-Info.plist in Resources */ = {isa = PBXBuildFile; fileRef = 2B56A1C019A060060085973B /* TaeSDKSample-Info.plist */; };
		2B56A1C419A060160085973B /* CFNetwork.framework in Frameworks */ = {isa = PBXBuildFile; fileRef = 2B56A1C319A060160085973B /* CFNetwork.framework */; };
		2B56A1C619A0601A0085973B /* CoreTelephony.framework in Frameworks */ = {isa = PBXBuildFile; fileRef = 2B56A1C519A0601A0085973B /* CoreTelephony.framework */; };
		2B56A1C819A0603E0085973B /* SystemConfiguration.framework in Frameworks */ = {isa = PBXBuildFile; fileRef = 2B56A1C719A0603E0085973B /* SystemConfiguration.framework */; };
		2B56A1CA19A0604E0085973B /* Security.framework in Frameworks */ = {isa = PBXBuildFile; fileRef = 2B56A1C919A0604E0085973B /* Security.framework */; };
		2B56A1CC19A060A10085973B /* libz.dylib in Frameworks */ = {isa = PBXBuildFile; fileRef = 2B56A1CB19A060A10085973B /* libz.dylib */; };
		2B97B9A419B951E20046AE08 /* MyAlertView.m in Sources */ = {isa = PBXBuildFile; fileRef = 2B97B99C19B951E20046AE08 /* MyAlertView.m */; };
		2B97B9A519B951E20046AE08 /* MyAppDelegate.m in Sources */ = {isa = PBXBuildFile; fileRef = 2B97B99E19B951E20046AE08 /* MyAppDelegate.m */; };
		2B97B9A819B951E20046AE08 /* MyUtil.m in Sources */ = {isa = PBXBuildFile; fileRef = 2B97B9A319B951E20046AE08 /* MyUtil.m */; };
		2B97B9AA19B952310046AE08 /* CoreLocation.framework in Frameworks */ = {isa = PBXBuildFile; fileRef = 2B97B9A919B952310046AE08 /* CoreLocation.framework */; };
		2B97B9AD19B988F90046AE08 /* TAESDK.framework in Frameworks */ = {isa = PBXBuildFile; fileRef = 2B97B9AC19B988F90046AE08 /* TAESDK.framework */; };
		2B97B9AF19B9890B0046AE08 /* AlipaySDK.bundle in Resources */ = {isa = PBXBuildFile; fileRef = 2B97B9AE19B9890B0046AE08 /* AlipaySDK.bundle */; };
		2B97B9B119B989170046AE08 /* Tae.bundle in Resources */ = {isa = PBXBuildFile; fileRef = 2B97B9B019B989170046AE08 /* Tae.bundle */; };
		2B97B9B919B9BDFF0046AE08 /* sdk.png in Resources */ = {isa = PBXBuildFile; fileRef = 2B97B9B819B9BDFF0046AE08 /* sdk.png */; };
		2BAD3F6D19A75A9D00DCB06A /* yw_1222.jpg in Resources */ = {isa = PBXBuildFile; fileRef = 2BAD3F6819A75A9D00DCB06A /* yw_1222.jpg */; };
		857E974319BFFA0D0089341F /* PageItemOrderViewController.m in Sources */ = {isa = PBXBuildFile; fileRef = 857E973D19BFFA0D0089341F /* PageItemOrderViewController.m */; };
		857E974419BFFA0D0089341F /* TCViewController.m in Sources */ = {isa = PBXBuildFile; fileRef = 857E973F19BFFA0D0089341F /* TCViewController.m */; };
		857E974519BFFA0D0089341F /* TCViewController.xib in Resources */ = {isa = PBXBuildFile; fileRef = 857E974019BFFA0D0089341F /* TCViewController.xib */; };
/* End PBXBuildFile section */

/* Begin PBXContainerItemProxy section */
		2B56A1A119A05EEA0085973B /* PBXContainerItemProxy */ = {
			isa = PBXContainerItemProxy;
			containerPortal = 2B56A17319A05EEA0085973B /* Project object */;
			proxyType = 1;
			remoteGlobalIDString = 2B56A17A19A05EEA0085973B;
			remoteInfo = TaeSDKSample;
		};
/* End PBXContainerItemProxy section */

/* Begin PBXFileReference section */
		2B56A17B19A05EEA0085973B /* TaeSDKSample.app */ = {isa = PBXFileReference; explicitFileType = wrapper.application; includeInIndex = 0; path = TaeSDKSample.app; sourceTree = BUILT_PRODUCTS_DIR; };
		2B56A17E19A05EEA0085973B /* Foundation.framework */ = {isa = PBXFileReference; lastKnownFileType = wrapper.framework; name = Foundation.framework; path = System/Library/Frameworks/Foundation.framework; sourceTree = SDKROOT; };
		2B56A18019A05EEA0085973B /* CoreGraphics.framework */ = {isa = PBXFileReference; lastKnownFileType = wrapper.framework; name = CoreGraphics.framework; path = System/Library/Frameworks/CoreGraphics.framework; sourceTree = SDKROOT; };
		2B56A18219A05EEA0085973B /* UIKit.framework */ = {isa = PBXFileReference; lastKnownFileType = wrapper.framework; name = UIKit.framework; path = System/Library/Frameworks/UIKit.framework; sourceTree = SDKROOT; };
		2B56A18819A05EEA0085973B /* en */ = {isa = PBXFileReference; lastKnownFileType = text.plist.strings; name = en; path = en.lproj/InfoPlist.strings; sourceTree = "<group>"; };
		2B56A18A19A05EEA0085973B /* main.m */ = {isa = PBXFileReference; lastKnownFileType = sourcecode.c.objc; path = main.m; sourceTree = "<group>"; };
		2B56A19619A05EEA0085973B /* Images.xcassets */ = {isa = PBXFileReference; lastKnownFileType = folder.assetcatalog; path = Images.xcassets; sourceTree = "<group>"; };
		2B56A19C19A05EEA0085973B /* TaeSDKSampleTests.xctest */ = {isa = PBXFileReference; explicitFileType = wrapper.cfbundle; includeInIndex = 0; path = TaeSDKSampleTests.xctest; sourceTree = BUILT_PRODUCTS_DIR; };
		2B56A19D19A05EEA0085973B /* XCTest.framework */ = {isa = PBXFileReference; lastKnownFileType = wrapper.framework; name = XCTest.framework; path = Library/Frameworks/XCTest.framework; sourceTree = DEVELOPER_DIR; };
		2B56A1A519A05EEA0085973B /* TaeSDKSampleTests-Info.plist */ = {isa = PBXFileReference; lastKnownFileType = text.plist.xml; path = "TaeSDKSampleTests-Info.plist"; sourceTree = "<group>"; };
		2B56A1A719A05EEA0085973B /* en */ = {isa = PBXFileReference; lastKnownFileType = text.plist.strings; name = en; path = en.lproj/InfoPlist.strings; sourceTree = "<group>"; };
		2B56A1A919A05EEA0085973B /* TaeSDKSampleTests.m */ = {isa = PBXFileReference; lastKnownFileType = sourcecode.c.objc; path = TaeSDKSampleTests.m; sourceTree = "<group>"; };
		2B56A1C019A060060085973B /* TaeSDKSample-Info.plist */ = {isa = PBXFileReference; fileEncoding = 4; lastKnownFileType = text.plist.xml; path = "TaeSDKSample-Info.plist"; sourceTree = "<group>"; };
		2B56A1C119A060060085973B /* TaeSDKSample-Prefix.pch */ = {isa = PBXFileReference; fileEncoding = 4; lastKnownFileType = sourcecode.c.h; path = "TaeSDKSample-Prefix.pch"; sourceTree = "<group>"; };
		2B56A1C319A060160085973B /* CFNetwork.framework */ = {isa = PBXFileReference; lastKnownFileType = wrapper.framework; name = CFNetwork.framework; path = System/Library/Frameworks/CFNetwork.framework; sourceTree = SDKROOT; };
		2B56A1C519A0601A0085973B /* CoreTelephony.framework */ = {isa = PBXFileReference; lastKnownFileType = wrapper.framework; name = CoreTelephony.framework; path = System/Library/Frameworks/CoreTelephony.framework; sourceTree = SDKROOT; };
		2B56A1C719A0603E0085973B /* SystemConfiguration.framework */ = {isa = PBXFileReference; lastKnownFileType = wrapper.framework; name = SystemConfiguration.framework; path = System/Library/Frameworks/SystemConfiguration.framework; sourceTree = SDKROOT; };
		2B56A1C919A0604E0085973B /* Security.framework */ = {isa = PBXFileReference; lastKnownFileType = wrapper.framework; name = Security.framework; path = System/Library/Frameworks/Security.framework; sourceTree = SDKROOT; };
		2B56A1CB19A060A10085973B /* libz.dylib */ = {isa = PBXFileReference; lastKnownFileType = "compiled.mach-o.dylib"; name = libz.dylib; path = usr/lib/libz.dylib; sourceTree = SDKROOT; };
		2B97B99B19B951E20046AE08 /* MyAlertView.h */ = {isa = PBXFileReference; fileEncoding = 4; lastKnownFileType = sourcecode.c.h; path = MyAlertView.h; sourceTree = "<group>"; };
		2B97B99C19B951E20046AE08 /* MyAlertView.m */ = {isa = PBXFileReference; fileEncoding = 4; lastKnownFileType = sourcecode.c.objc; path = MyAlertView.m; sourceTree = "<group>"; };
		2B97B99D19B951E20046AE08 /* MyAppDelegate.h */ = {isa = PBXFileReference; fileEncoding = 4; lastKnownFileType = sourcecode.c.h; path = MyAppDelegate.h; sourceTree = "<group>"; };
		2B97B99E19B951E20046AE08 /* MyAppDelegate.m */ = {isa = PBXFileReference; fileEncoding = 4; lastKnownFileType = sourcecode.c.objc; path = MyAppDelegate.m; sourceTree = "<group>"; };
		2B97B9A219B951E20046AE08 /* MyUtil.h */ = {isa = PBXFileReference; fileEncoding = 4; lastKnownFileType = sourcecode.c.h; path = MyUtil.h; sourceTree = "<group>"; };
		2B97B9A319B951E20046AE08 /* MyUtil.m */ = {isa = PBXFileReference; fileEncoding = 4; lastKnownFileType = sourcecode.c.objc; path = MyUtil.m; sourceTree = "<group>"; };
		2B97B9A919B952310046AE08 /* CoreLocation.framework */ = {isa = PBXFileReference; lastKnownFileType = wrapper.framework; name = CoreLocation.framework; path = System/Library/Frameworks/CoreLocation.framework; sourceTree = SDKROOT; };
		2B97B9AC19B988F90046AE08 /* TAESDK.framework */ = {isa = PBXFileReference; lastKnownFileType = wrapper.framework; name = TAESDK.framework; path = TaeSDKSample/Lib/TAESDK.framework; sourceTree = "<group>"; };
		2B97B9AE19B9890B0046AE08 /* AlipaySDK.bundle */ = {isa = PBXFileReference; lastKnownFileType = "wrapper.plug-in"; name = AlipaySDK.bundle; path = TaeSDKSample/Lib/TAESDK.framework/AlipaySDK.bundle; sourceTree = "<group>"; };
		2B97B9B019B989170046AE08 /* Tae.bundle */ = {isa = PBXFileReference; lastKnownFileType = "wrapper.plug-in"; name = Tae.bundle; path = TaeSDKSample/Lib/TAESDK.framework/Tae.bundle; sourceTree = "<group>"; };
		2B97B9B819B9BDFF0046AE08 /* sdk.png */ = {isa = PBXFileReference; lastKnownFileType = image.png; path = sdk.png; sourceTree = "<group>"; };
		2BAD3F6819A75A9D00DCB06A /* yw_1222.jpg */ = {isa = PBXFileReference; lastKnownFileType = image.jpeg; path = yw_1222.jpg; sourceTree = "<group>"; };
		857E973C19BFFA0D0089341F /* PageItemOrderViewController.h */ = {isa = PBXFileReference; fileEncoding = 4; lastKnownFileType = sourcecode.c.h; path = PageItemOrderViewController.h; sourceTree = "<group>"; };
		857E973D19BFFA0D0089341F /* PageItemOrderViewController.m */ = {isa = PBXFileReference; fileEncoding = 4; lastKnownFileType = sourcecode.c.objc; path = PageItemOrderViewController.m; sourceTree = "<group>"; };
		857E973E19BFFA0D0089341F /* TCViewController.h */ = {isa = PBXFileReference; fileEncoding = 4; lastKnownFileType = sourcecode.c.h; path = TCViewController.h; sourceTree = "<group>"; };
		857E973F19BFFA0D0089341F /* TCViewController.m */ = {isa = PBXFileReference; fileEncoding = 4; lastKnownFileType = sourcecode.c.objc; path = TCViewController.m; sourceTree = "<group>"; };
		857E974019BFFA0D0089341F /* TCViewController.xib */ = {isa = PBXFileReference; fileEncoding = 4; lastKnownFileType = file.xib; path = TCViewController.xib; sourceTree = "<group>"; };
/* End PBXFileReference section */

/* Begin PBXFrameworksBuildPhase section */
		2B56A17819A05EEA0085973B /* Frameworks */ = {
			isa = PBXFrameworksBuildPhase;
			buildActionMask = 2147483647;
			files = (
				2B97B9AD19B988F90046AE08 /* TAESDK.framework in Frameworks */,
				2B97B9AA19B952310046AE08 /* CoreLocation.framework in Frameworks */,
				2B56A1CC19A060A10085973B /* libz.dylib in Frameworks */,
				2B56A1CA19A0604E0085973B /* Security.framework in Frameworks */,
				2B56A1C819A0603E0085973B /* SystemConfiguration.framework in Frameworks */,
				2B56A1C619A0601A0085973B /* CoreTelephony.framework in Frameworks */,
				2B56A1C419A060160085973B /* CFNetwork.framework in Frameworks */,
				2B56A18119A05EEA0085973B /* CoreGraphics.framework in Frameworks */,
				2B56A18319A05EEA0085973B /* UIKit.framework in Frameworks */,
				2B56A17F19A05EEA0085973B /* Foundation.framework in Frameworks */,
			);
			runOnlyForDeploymentPostprocessing = 0;
		};
		2B56A19919A05EEA0085973B /* Frameworks */ = {
			isa = PBXFrameworksBuildPhase;
			buildActionMask = 2147483647;
			files = (
				2B56A19E19A05EEA0085973B /* XCTest.framework in Frameworks */,
				2B56A1A019A05EEA0085973B /* UIKit.framework in Frameworks */,
				2B56A19F19A05EEA0085973B /* Foundation.framework in Frameworks */,
			);
			runOnlyForDeploymentPostprocessing = 0;
		};
/* End PBXFrameworksBuildPhase section */

/* Begin PBXGroup section */
		2B56A17219A05EEA0085973B = {
			isa = PBXGroup;
			children = (
				2B97B9B019B989170046AE08 /* Tae.bundle */,
				2B97B9AE19B9890B0046AE08 /* AlipaySDK.bundle */,
				2B56A18419A05EEA0085973B /* TaeSDKSample */,
				2B56A1A319A05EEA0085973B /* TaeSDKSampleTests */,
				2B56A17D19A05EEA0085973B /* Frameworks */,
				2B56A17C19A05EEA0085973B /* Products */,
			);
			sourceTree = "<group>";
		};
		2B56A17C19A05EEA0085973B /* Products */ = {
			isa = PBXGroup;
			children = (
				2B56A17B19A05EEA0085973B /* TaeSDKSample.app */,
				2B56A19C19A05EEA0085973B /* TaeSDKSampleTests.xctest */,
			);
			name = Products;
			sourceTree = "<group>";
		};
		2B56A17D19A05EEA0085973B /* Frameworks */ = {
			isa = PBXGroup;
			children = (
				2B97B9AC19B988F90046AE08 /* TAESDK.framework */,
				2B97B9A919B952310046AE08 /* CoreLocation.framework */,
				2B56A1CB19A060A10085973B /* libz.dylib */,
				2B56A1C919A0604E0085973B /* Security.framework */,
				2B56A1C719A0603E0085973B /* SystemConfiguration.framework */,
				2B56A1C519A0601A0085973B /* CoreTelephony.framework */,
				2B56A1C319A060160085973B /* CFNetwork.framework */,
				2B56A17E19A05EEA0085973B /* Foundation.framework */,
				2B56A18019A05EEA0085973B /* CoreGraphics.framework */,
				2B56A18219A05EEA0085973B /* UIKit.framework */,
				2B56A19D19A05EEA0085973B /* XCTest.framework */,
			);
			name = Frameworks;
			sourceTree = "<group>";
		};
		2B56A18419A05EEA0085973B /* TaeSDKSample */ = {
			isa = PBXGroup;
			children = (
				2B97B9B819B9BDFF0046AE08 /* sdk.png */,
				2BAD3F6819A75A9D00DCB06A /* yw_1222.jpg */,
				2B97B99A19B951E20046AE08 /* Source */,
				2B56A19619A05EEA0085973B /* Images.xcassets */,
				2B56A18519A05EEA0085973B /* Supporting Files */,
			);
			path = TaeSDKSample;
			sourceTree = "<group>";
		};
		2B56A18519A05EEA0085973B /* Supporting Files */ = {
			isa = PBXGroup;
			children = (
				2B56A1C019A060060085973B /* TaeSDKSample-Info.plist */,
				2B56A1C119A060060085973B /* TaeSDKSample-Prefix.pch */,
				2B56A18719A05EEA0085973B /* InfoPlist.strings */,
				2B56A18A19A05EEA0085973B /* main.m */,
			);
			name = "Supporting Files";
			sourceTree = "<group>";
		};
		2B56A1A319A05EEA0085973B /* TaeSDKSampleTests */ = {
			isa = PBXGroup;
			children = (
				2B56A1A919A05EEA0085973B /* TaeSDKSampleTests.m */,
				2B56A1A419A05EEA0085973B /* Supporting Files */,
			);
			path = TaeSDKSampleTests;
			sourceTree = "<group>";
		};
		2B56A1A419A05EEA0085973B /* Supporting Files */ = {
			isa = PBXGroup;
			children = (
				2B56A1A519A05EEA0085973B /* TaeSDKSampleTests-Info.plist */,
				2B56A1A619A05EEA0085973B /* InfoPlist.strings */,
			);
			name = "Supporting Files";
			sourceTree = "<group>";
		};
		2B97B99A19B951E20046AE08 /* Source */ = {
			isa = PBXGroup;
			children = (
				857E973C19BFFA0D0089341F /* PageItemOrderViewController.h */,
				857E973D19BFFA0D0089341F /* PageItemOrderViewController.m */,
				857E973E19BFFA0D0089341F /* TCViewController.h */,
				857E973F19BFFA0D0089341F /* TCViewController.m */,
				857E974019BFFA0D0089341F /* TCViewController.xib */,
				2B97B99B19B951E20046AE08 /* MyAlertView.h */,
				2B97B99C19B951E20046AE08 /* MyAlertView.m */,
				2B97B99D19B951E20046AE08 /* MyAppDelegate.h */,
				2B97B99E19B951E20046AE08 /* MyAppDelegate.m */,
				2B97B9A219B951E20046AE08 /* MyUtil.h */,
				2B97B9A319B951E20046AE08 /* MyUtil.m */,
			);
			path = Source;
			sourceTree = "<group>";
		};
/* End PBXGroup section */

/* Begin PBXNativeTarget section */
		2B56A17A19A05EEA0085973B /* TaeSDKSample */ = {
			isa = PBXNativeTarget;
			buildConfigurationList = 2B56A1AD19A05EEA0085973B /* Build configuration list for PBXNativeTarget "TaeSDKSample" */;
			buildPhases = (
				2B56A17719A05EEA0085973B /* Sources */,
				2B56A17819A05EEA0085973B /* Frameworks */,
				2B56A17919A05EEA0085973B /* Resources */,
			);
			buildRules = (
			);
			dependencies = (
			);
			name = TaeSDKSample;
			productName = TaeSDKSample;
			productReference = 2B56A17B19A05EEA0085973B /* TaeSDKSample.app */;
			productType = "com.apple.product-type.application";
		};
		2B56A19B19A05EEA0085973B /* TaeSDKSampleTests */ = {
			isa = PBXNativeTarget;
			buildConfigurationList = 2B56A1B019A05EEA0085973B /* Build configuration list for PBXNativeTarget "TaeSDKSampleTests" */;
			buildPhases = (
				2B56A19819A05EEA0085973B /* Sources */,
				2B56A19919A05EEA0085973B /* Frameworks */,
				2B56A19A19A05EEA0085973B /* Resources */,
			);
			buildRules = (
			);
			dependencies = (
				2B56A1A219A05EEA0085973B /* PBXTargetDependency */,
			);
			name = TaeSDKSampleTests;
			productName = TaeSDKSampleTests;
			productReference = 2B56A19C19A05EEA0085973B /* TaeSDKSampleTests.xctest */;
			productType = "com.apple.product-type.bundle.unit-test";
		};
/* End PBXNativeTarget section */

/* Begin PBXProject section */
		2B56A17319A05EEA0085973B /* Project object */ = {
			isa = PBXProject;
			attributes = {
				CLASSPREFIX = My;
				LastUpgradeCheck = 0510;
				ORGANIZATIONNAME = com.taobao;
				TargetAttributes = {
					2B56A19B19A05EEA0085973B = {
						TestTargetID = 2B56A17A19A05EEA0085973B;
					};
				};
			};
			buildConfigurationList = 2B56A17619A05EEA0085973B /* Build configuration list for PBXProject "TaeSDKSample" */;
			compatibilityVersion = "Xcode 3.2";
			developmentRegion = English;
			hasScannedForEncodings = 0;
			knownRegions = (
				en,
				Base,
			);
			mainGroup = 2B56A17219A05EEA0085973B;
			productRefGroup = 2B56A17C19A05EEA0085973B /* Products */;
			projectDirPath = "";
			projectRoot = "";
			targets = (
				2B56A17A19A05EEA0085973B /* TaeSDKSample */,
				2B56A19B19A05EEA0085973B /* TaeSDKSampleTests */,
			);
		};
/* End PBXProject section */

/* Begin PBXResourcesBuildPhase section */
		2B56A17919A05EEA0085973B /* Resources */ = {
			isa = PBXResourcesBuildPhase;
			buildActionMask = 2147483647;
			files = (
				2B97B9B119B989170046AE08 /* Tae.bundle in Resources */,
				857E974519BFFA0D0089341F /* TCViewController.xib in Resources */,
				2B97B9AF19B9890B0046AE08 /* AlipaySDK.bundle in Resources */,
				2B56A19719A05EEA0085973B /* Images.xcassets in Resources */,
				2BAD3F6D19A75A9D00DCB06A /* yw_1222.jpg in Resources */,
				2B97B9B919B9BDFF0046AE08 /* sdk.png in Resources */,
				2B56A1C219A060060085973B /* TaeSDKSample-Info.plist in Resources */,
				2B56A18919A05EEA0085973B /* InfoPlist.strings in Resources */,
			);
			runOnlyForDeploymentPostprocessing = 0;
		};
		2B56A19A19A05EEA0085973B /* Resources */ = {
			isa = PBXResourcesBuildPhase;
			buildActionMask = 2147483647;
			files = (
				2B56A1A819A05EEA0085973B /* InfoPlist.strings in Resources */,
			);
			runOnlyForDeploymentPostprocessing = 0;
		};
/* End PBXResourcesBuildPhase section */

/* Begin PBXSourcesBuildPhase section */
		2B56A17719A05EEA0085973B /* Sources */ = {
			isa = PBXSourcesBuildPhase;
			buildActionMask = 2147483647;
			files = (
				2B97B9A819B951E20046AE08 /* MyUtil.m in Sources */,
				2B56A18B19A05EEA0085973B /* main.m in Sources */,
				2B97B9A419B951E20046AE08 /* MyAlertView.m in Sources */,
				857E974419BFFA0D0089341F /* TCViewController.m in Sources */,
				2B97B9A519B951E20046AE08 /* MyAppDelegate.m in Sources */,
				857E974319BFFA0D0089341F /* PageItemOrderViewController.m in Sources */,
			);
			runOnlyForDeploymentPostprocessing = 0;
		};
		2B56A19819A05EEA0085973B /* Sources */ = {
			isa = PBXSourcesBuildPhase;
			buildActionMask = 2147483647;
			files = (
				2B56A1AA19A05EEA0085973B /* TaeSDKSampleTests.m in Sources */,
			);
			runOnlyForDeploymentPostprocessing = 0;
		};
/* End PBXSourcesBuildPhase section */

/* Begin PBXTargetDependency section */
		2B56A1A219A05EEA0085973B /* PBXTargetDependency */ = {
			isa = PBXTargetDependency;
			target = 2B56A17A19A05EEA0085973B /* TaeSDKSample */;
			targetProxy = 2B56A1A119A05EEA0085973B /* PBXContainerItemProxy */;
		};
/* End PBXTargetDependency section */

/* Begin PBXVariantGroup section */
		2B56A18719A05EEA0085973B /* InfoPlist.strings */ = {
			isa = PBXVariantGroup;
			children = (
				2B56A18819A05EEA0085973B /* en */,
			);
			name = InfoPlist.strings;
			sourceTree = "<group>";
		};
		2B56A1A619A05EEA0085973B /* InfoPlist.strings */ = {
			isa = PBXVariantGroup;
			children = (
				2B56A1A719A05EEA0085973B /* en */,
			);
			name = InfoPlist.strings;
			sourceTree = "<group>";
		};
/* End PBXVariantGroup section */

/* Begin XCBuildConfiguration section */
		2B56A1AB19A05EEA0085973B /* Debug */ = {
			isa = XCBuildConfiguration;
			buildSettings = {
				ALWAYS_SEARCH_USER_PATHS = NO;
				CLANG_CXX_LANGUAGE_STANDARD = "gnu++0x";
				CLANG_CXX_LIBRARY = "libc++";
				CLANG_ENABLE_MODULES = YES;
				CLANG_ENABLE_OBJC_ARC = YES;
				CLANG_WARN_BOOL_CONVERSION = YES;
				CLANG_WARN_CONSTANT_CONVERSION = YES;
				CLANG_WARN_DIRECT_OBJC_ISA_USAGE = YES_ERROR;
				CLANG_WARN_EMPTY_BODY = YES;
				CLANG_WARN_ENUM_CONVERSION = YES;
				CLANG_WARN_INT_CONVERSION = YES;
				CLANG_WARN_OBJC_ROOT_CLASS = YES_ERROR;
				CLANG_WARN__DUPLICATE_METHOD_MATCH = YES;
				"CODE_SIGN_IDENTITY[sdk=iphoneos*]" = "iPhone Developer";
				COPY_PHASE_STRIP = NO;
				GCC_C_LANGUAGE_STANDARD = gnu99;
				GCC_DYNAMIC_NO_PIC = NO;
				GCC_OPTIMIZATION_LEVEL = 0;
				GCC_PREPROCESSOR_DEFINITIONS = (
					"DEBUG=1",
					"$(inherited)",
				);
				GCC_SYMBOLS_PRIVATE_EXTERN = NO;
				GCC_WARN_64_TO_32_BIT_CONVERSION = YES;
				GCC_WARN_ABOUT_RETURN_TYPE = YES_ERROR;
				GCC_WARN_UNDECLARED_SELECTOR = YES;
				GCC_WARN_UNINITIALIZED_AUTOS = YES_AGGRESSIVE;
				GCC_WARN_UNUSED_FUNCTION = YES;
				GCC_WARN_UNUSED_VARIABLE = YES;
				IPHONEOS_DEPLOYMENT_TARGET = 7.1;
				ONLY_ACTIVE_ARCH = YES;
				SDKROOT = iphoneos;
			};
			name = Debug;
		};
		2B56A1AC19A05EEA0085973B /* Release */ = {
			isa = XCBuildConfiguration;
			buildSettings = {
				ALWAYS_SEARCH_USER_PATHS = NO;
				CLANG_CXX_LANGUAGE_STANDARD = "gnu++0x";
				CLANG_CXX_LIBRARY = "libc++";
				CLANG_ENABLE_MODULES = YES;
				CLANG_ENABLE_OBJC_ARC = YES;
				CLANG_WARN_BOOL_CONVERSION = YES;
				CLANG_WARN_CONSTANT_CONVERSION = YES;
				CLANG_WARN_DIRECT_OBJC_ISA_USAGE = YES_ERROR;
				CLANG_WARN_EMPTY_BODY = YES;
				CLANG_WARN_ENUM_CONVERSION = YES;
				CLANG_WARN_INT_CONVERSION = YES;
				CLANG_WARN_OBJC_ROOT_CLASS = YES_ERROR;
				CLANG_WARN__DUPLICATE_METHOD_MATCH = YES;
				"CODE_SIGN_IDENTITY[sdk=iphoneos*]" = "iPhone Developer";
				COPY_PHASE_STRIP = YES;
				ENABLE_NS_ASSERTIONS = NO;
				GCC_C_LANGUAGE_STANDARD = gnu99;
				GCC_WARN_64_TO_32_BIT_CONVERSION = YES;
				GCC_WARN_ABOUT_RETURN_TYPE = YES_ERROR;
				GCC_WARN_UNDECLARED_SELECTOR = YES;
				GCC_WARN_UNINITIALIZED_AUTOS = YES_AGGRESSIVE;
				GCC_WARN_UNUSED_FUNCTION = YES;
				GCC_WARN_UNUSED_VARIABLE = YES;
				IPHONEOS_DEPLOYMENT_TARGET = 7.1;
				SDKROOT = iphoneos;
				VALIDATE_PRODUCT = YES;
			};
			name = Release;
		};
		2B56A1AE19A05EEA0085973B /* Debug */ = {
			isa = XCBuildConfiguration;
			buildSettings = {
				ARCHS = "$(ARCHS_STANDARD_32_BIT)";
				ASSETCATALOG_COMPILER_APPICON_NAME = AppIcon;
				ASSETCATALOG_COMPILER_LAUNCHIMAGE_NAME = LaunchImage;
				FRAMEWORK_SEARCH_PATHS = (
					"$(inherited)",
					"$(PROJECT_DIR)",
					"$(PROJECT_DIR)/TaeSDKSample/Lib",
				);
				GCC_PRECOMPILE_PREFIX_HEADER = YES;
				GCC_PREFIX_HEADER = "TaeSDKSample/TaeSDKSample-Prefix.pch";
				INFOPLIST_FILE = "TaeSDKSample/TaeSDKSample-Info.plist";
				IPHONEOS_DEPLOYMENT_TARGET = 5.0;
				ONLY_ACTIVE_ARCH = NO;
				OTHER_LDFLAGS = "-ObjC";
				PRODUCT_NAME = "$(TARGET_NAME)";
				VALID_ARCHS = "armv7 armv7s";
				WRAPPER_EXTENSION = app;
			};
			name = Debug;
		};
		2B56A1AF19A05EEA0085973B /* Release */ = {
			isa = XCBuildConfiguration;
			buildSettings = {
				ARCHS = "$(ARCHS_STANDARD_32_BIT)";
				ASSETCATALOG_COMPILER_APPICON_NAME = AppIcon;
				ASSETCATALOG_COMPILER_LAUNCHIMAGE_NAME = LaunchImage;
				FRAMEWORK_SEARCH_PATHS = (
					"$(inherited)",
					"$(PROJECT_DIR)",
					"$(PROJECT_DIR)/TaeSDKSample/Lib",
				);
				GCC_PRECOMPILE_PREFIX_HEADER = YES;
				GCC_PREFIX_HEADER = "TaeSDKSample/TaeSDKSample-Prefix.pch";
				INFOPLIST_FILE = "TaeSDKSample/TaeSDKSample-Info.plist";
				IPHONEOS_DEPLOYMENT_TARGET = 5.0;
				OTHER_LDFLAGS = "-ObjC";
				PRODUCT_NAME = "$(TARGET_NAME)";
				VALID_ARCHS = "armv7 armv7s";
				WRAPPER_EXTENSION = app;
			};
			name = Release;
		};
		2B56A1B119A05EEA0085973B /* Debug */ = {
			isa = XCBuildConfiguration;
			buildSettings = {
				BUNDLE_LOADER = "$(BUILT_PRODUCTS_DIR)/TaeSDKSample.app/TaeSDKSample";
				FRAMEWORK_SEARCH_PATHS = (
					"$(SDKROOT)/Developer/Library/Frameworks",
					"$(inherited)",
					"$(DEVELOPER_FRAMEWORKS_DIR)",
				);
				GCC_PRECOMPILE_PREFIX_HEADER = YES;
				GCC_PREFIX_HEADER = "TaeSDKSample/TaeSDKSample-Prefix.pch";
				GCC_PREPROCESSOR_DEFINITIONS = (
					"DEBUG=1",
					"$(inherited)",
				);
				INFOPLIST_FILE = "TaeSDKSampleTests/TaeSDKSampleTests-Info.plist";
				PRODUCT_NAME = "$(TARGET_NAME)";
				TEST_HOST = "$(BUNDLE_LOADER)";
				WRAPPER_EXTENSION = xctest;
			};
			name = Debug;
		};
		2B56A1B219A05EEA0085973B /* Release */ = {
			isa = XCBuildConfiguration;
			buildSettings = {
				BUNDLE_LOADER = "$(BUILT_PRODUCTS_DIR)/TaeSDKSample.app/TaeSDKSample";
				FRAMEWORK_SEARCH_PATHS = (
					"$(SDKROOT)/Developer/Library/Frameworks",
					"$(inherited)",
					"$(DEVELOPER_FRAMEWORKS_DIR)",
				);
				GCC_PRECOMPILE_PREFIX_HEADER = YES;
				GCC_PREFIX_HEADER = "TaeSDKSample/TaeSDKSample-Prefix.pch";
				INFOPLIST_FILE = "TaeSDKSampleTests/TaeSDKSampleTests-Info.plist";
				PRODUCT_NAME = "$(TARGET_NAME)";
				TEST_HOST = "$(BUNDLE_LOADER)";
				WRAPPER_EXTENSION = xctest;
			};
			name = Release;
		};
/* End XCBuildConfiguration section */

/* Begin XCConfigurationList section */
		2B56A17619A05EEA0085973B /* Build configuration list for PBXProject "TaeSDKSample" */ = {
			isa = XCConfigurationList;
			buildConfigurations = (
				2B56A1AB19A05EEA0085973B /* Debug */,
				2B56A1AC19A05EEA0085973B /* Release */,
			);
			defaultConfigurationIsVisible = 0;
			defaultConfigurationName = Release;
		};
		2B56A1AD19A05EEA0085973B /* Build configuration list for PBXNativeTarget "TaeSDKSample" */ = {
			isa = XCConfigurationList;
			buildConfigurations = (
				2B56A1AE19A05EEA0085973B /* Debug */,
				2B56A1AF19A05EEA0085973B /* Release */,
			);
			defaultConfigurationIsVisible = 0;
			defaultConfigurationName = Release;
		};
		2B56A1B019A05EEA0085973B /* Build configuration list for PBXNativeTarget "TaeSDKSampleTests" */ = {
			isa = XCConfigurationList;
			buildConfigurations = (
				2B56A1B119A05EEA0085973B /* Debug */,
				2B56A1B219A05EEA0085973B /* Release */,
			);
			defaultConfigurationIsVisible = 0;
			defaultConfigurationName = Release;
		};
/* End XCConfigurationList section */
	};
	rootObject = 2B56A17319A05EEA0085973B /* Project object */;
}
